
Microsoft Visual Studio Solution File, Format Version 12.00
# Visual Studio Version 16
VisualStudioVersion = 16.0.28803.452
MinimumVisualStudioVersion = 10.0.40219.1
Project("{2150E333-8FDC-42A3-9474-1A3956D46DE8}") = "src", "src", "{7C0DA136-CAA2-494F-8D56-C26D9C08106E}"
EndProject
Project("{2150E333-8FDC-42A3-9474-1A3956D46DE8}") = "tests", "tests", "{731E21F1-EEEE-49A4-BF31-3797E30A4EB3}"
EndProject
Project("{9A19103F-16F7-4668-BE54-9A1E7A4F7556}") = "HeliumParty.RadixDLT.Utils", "src\HeliumParty.RadixDLT.Utils\HeliumParty.RadixDLT.Utils.csproj", "{3C885EA3-CC24-4B8F-AD08-EDD67FF7F23A}"
EndProject
Project("{9A19103F-16F7-4668-BE54-9A1E7A4F7556}") = "HeliumParty.RadixDLT.Crypto", "src\HeliumParty.RadixDLT.Crypto\HeliumParty.RadixDLT.Crypto.csproj", "{F8AEE9A3-E1DC-468A-AD8F-2CE087A5B630}"
EndProject
Project("{9A19103F-16F7-4668-BE54-9A1E7A4F7556}") = "HeliumParty.RadixDLT.Core", "src\HeliumParty.RadixDLT.Core\HeliumParty.RadixDLT.Core.csproj", "{6679C65B-FCD4-4133-A584-40E72D3A707A}"
EndProject
Project("{9A19103F-16F7-4668-BE54-9A1E7A4F7556}") = "HeliumParty.RadixDLT.App", "src\HeliumParty.RadixDLT.App\HeliumParty.RadixDLT.App.csproj", "{ACE11745-27E1-42BD-BB3C-1D95FCCE5F96}"
EndProject
Project("{9A19103F-16F7-4668-BE54-9A1E7A4F7556}") = "HeliumParty.RadixDLT.Crypto.Tests", "tests\HeliumParty.RadixDLT.Crypto.Tests\HeliumParty.RadixDLT.Crypto.Tests.csproj", "{274DBD49-2989-43D2-95DE-F1406B3EA63F}"
EndProject
Project("{9A19103F-16F7-4668-BE54-9A1E7A4F7556}") = "HeliumParty.RadixDLT.App.Tests", "tests\HeliumParty.RadixDLT.App.Tests\HeliumParty.RadixDLT.App.Tests.csproj", "{8C29A737-0EC7-4B97-9165-5044E2A3FE02}"
EndProject
Project("{9A19103F-16F7-4668-BE54-9A1E7A4F7556}") = "HeliumParty.RadixDLT.Utils.Tests", "tests\HeliumParty.RadixDLT.Utils.Tests\HeliumParty.RadixDLT.Utils.Tests.csproj", "{1D5AC1CB-0800-4B9C-BCF0-43AF090B11D4}"
EndProject
Project("{9A19103F-16F7-4668-BE54-9A1E7A4F7556}") = "HeliumParty.DependencyInjection", "src\HeliumParty.DependencyInjection\HeliumParty.DependencyInjection.csproj", "{F667CA21-2204-40A6-8415-504DDB801BE4}"
EndProject
Project("{9A19103F-16F7-4668-BE54-9A1E7A4F7556}") = "HeliumParty.Utils", "src\HeliumParty.Utils\HeliumParty.Utils.csproj", "{42BA8E80-9D23-4213-B8E2-33F0351AB483}"
EndProject
Project("{9A19103F-16F7-4668-BE54-9A1E7A4F7556}") = "HeliumParty.DependencyInjection.Tests", "tests\HeliumParty.DependencyInjection.Tests\HeliumParty.DependencyInjection.Tests.csproj", "{F1C05423-BA48-43F5-919E-34BF6AE7C71E}"
EndProject
Project("{9A19103F-16F7-4668-BE54-9A1E7A4F7556}") = "HeliumParty.RadixDLT.Core.Tests", "tests\HeliumParty.RadixDLT.Core.Tests\HeliumParty.RadixDLT.Core.Tests.csproj", "{9B369846-2D5B-4BE1-9CC3-5129FD2DC38C}"
EndProject
Project("{FAE04EC0-301F-11D3-BF4B-00C04F79EFBC}") = "HeliumParty.BaseTest", "src\HeliumParty.BaseTest\HeliumParty.BaseTest.csproj", "{893AA38E-76FE-4B99-B65E-63D7D3A1782B}"
EndProject
Global
	GlobalSection(SolutionConfigurationPlatforms) = preSolution
		Debug|Any CPU = Debug|Any CPU
		Release|Any CPU = Release|Any CPU
	EndGlobalSection
	GlobalSection(ProjectConfigurationPlatforms) = postSolution
		{3C885EA3-CC24-4B8F-AD08-EDD67FF7F23A}.Debug|Any CPU.ActiveCfg = Debug|Any CPU
		{3C885EA3-CC24-4B8F-AD08-EDD67FF7F23A}.Debug|Any CPU.Build.0 = Debug|Any CPU
		{3C885EA3-CC24-4B8F-AD08-EDD67FF7F23A}.Release|Any CPU.ActiveCfg = Release|Any CPU
		{3C885EA3-CC24-4B8F-AD08-EDD67FF7F23A}.Release|Any CPU.Build.0 = Release|Any CPU
		{F8AEE9A3-E1DC-468A-AD8F-2CE087A5B630}.Debug|Any CPU.ActiveCfg = Debug|Any CPU
		{F8AEE9A3-E1DC-468A-AD8F-2CE087A5B630}.Debug|Any CPU.Build.0 = Debug|Any CPU
		{F8AEE9A3-E1DC-468A-AD8F-2CE087A5B630}.Release|Any CPU.ActiveCfg = Release|Any CPU
		{F8AEE9A3-E1DC-468A-AD8F-2CE087A5B630}.Release|Any CPU.Build.0 = Release|Any CPU
		{6679C65B-FCD4-4133-A584-40E72D3A707A}.Debug|Any CPU.ActiveCfg = Debug|Any CPU
		{6679C65B-FCD4-4133-A584-40E72D3A707A}.Debug|Any CPU.Build.0 = Debug|Any CPU
		{6679C65B-FCD4-4133-A584-40E72D3A707A}.Release|Any CPU.ActiveCfg = Release|Any CPU
		{6679C65B-FCD4-4133-A584-40E72D3A707A}.Release|Any CPU.Build.0 = Release|Any CPU
		{ACE11745-27E1-42BD-BB3C-1D95FCCE5F96}.Debug|Any CPU.ActiveCfg = Debug|Any CPU
		{ACE11745-27E1-42BD-BB3C-1D95FCCE5F96}.Debug|Any CPU.Build.0 = Debug|Any CPU
		{ACE11745-27E1-42BD-BB3C-1D95FCCE5F96}.Release|Any CPU.ActiveCfg = Release|Any CPU
		{ACE11745-27E1-42BD-BB3C-1D95FCCE5F96}.Release|Any CPU.Build.0 = Release|Any CPU
		{274DBD49-2989-43D2-95DE-F1406B3EA63F}.Debug|Any CPU.ActiveCfg = Debug|Any CPU
		{274DBD49-2989-43D2-95DE-F1406B3EA63F}.Debug|Any CPU.Build.0 = Debug|Any CPU
		{274DBD49-2989-43D2-95DE-F1406B3EA63F}.Release|Any CPU.ActiveCfg = Release|Any CPU
		{274DBD49-2989-43D2-95DE-F1406B3EA63F}.Release|Any CPU.Build.0 = Release|Any CPU
		{8C29A737-0EC7-4B97-9165-5044E2A3FE02}.Debug|Any CPU.ActiveCfg = Debug|Any CPU
		{8C29A737-0EC7-4B97-9165-5044E2A3FE02}.Debug|Any CPU.Build.0 = Debug|Any CPU
		{8C29A737-0EC7-4B97-9165-5044E2A3FE02}.Release|Any CPU.ActiveCfg = Release|Any CPU
		{8C29A737-0EC7-4B97-9165-5044E2A3FE02}.Release|Any CPU.Build.0 = Release|Any CPU
		{1D5AC1CB-0800-4B9C-BCF0-43AF090B11D4}.Debug|Any CPU.ActiveCfg = Debug|Any CPU
		{1D5AC1CB-0800-4B9C-BCF0-43AF090B11D4}.Debug|Any CPU.Build.0 = Debug|Any CPU
		{1D5AC1CB-0800-4B9C-BCF0-43AF090B11D4}.Release|Any CPU.ActiveCfg = Release|Any CPU
		{1D5AC1CB-0800-4B9C-BCF0-43AF090B11D4}.Release|Any CPU.Build.0 = Release|Any CPU
		{F667CA21-2204-40A6-8415-504DDB801BE4}.Debug|Any CPU.ActiveCfg = Debug|Any CPU
		{F667CA21-2204-40A6-8415-504DDB801BE4}.Debug|Any CPU.Build.0 = Debug|Any CPU
		{F667CA21-2204-40A6-8415-504DDB801BE4}.Release|Any CPU.ActiveCfg = Release|Any CPU
		{F667CA21-2204-40A6-8415-504DDB801BE4}.Release|Any CPU.Build.0 = Release|Any CPU
		{42BA8E80-9D23-4213-B8E2-33F0351AB483}.Debug|Any CPU.ActiveCfg = Debug|Any CPU
		{42BA8E80-9D23-4213-B8E2-33F0351AB483}.Debug|Any CPU.Build.0 = Debug|Any CPU
		{42BA8E80-9D23-4213-B8E2-33F0351AB483}.Release|Any CPU.ActiveCfg = Release|Any CPU
		{42BA8E80-9D23-4213-B8E2-33F0351AB483}.Release|Any CPU.Build.0 = Release|Any CPU
		{F1C05423-BA48-43F5-919E-34BF6AE7C71E}.Debug|Any CPU.ActiveCfg = Debug|Any CPU
		{F1C05423-BA48-43F5-919E-34BF6AE7C71E}.Debug|Any CPU.Build.0 = Debug|Any CPU
		{F1C05423-BA48-43F5-919E-34BF6AE7C71E}.Release|Any CPU.ActiveCfg = Release|Any CPU
		{F1C05423-BA48-43F5-919E-34BF6AE7C71E}.Release|Any CPU.Build.0 = Release|Any CPU
		{9B369846-2D5B-4BE1-9CC3-5129FD2DC38C}.Debug|Any CPU.ActiveCfg = Debug|Any CPU
		{9B369846-2D5B-4BE1-9CC3-5129FD2DC38C}.Debug|Any CPU.Build.0 = Debug|Any CPU
		{9B369846-2D5B-4BE1-9CC3-5129FD2DC38C}.Release|Any CPU.ActiveCfg = Release|Any CPU
		{9B369846-2D5B-4BE1-9CC3-5129FD2DC38C}.Release|Any CPU.Build.0 = Release|Any CPU
		{893AA38E-76FE-4B99-B65E-63D7D3A1782B}.Debug|Any CPU.ActiveCfg = Debug|Any CPU
		{893AA38E-76FE-4B99-B65E-63D7D3A1782B}.Debug|Any CPU.Build.0 = Debug|Any CPU
		{893AA38E-76FE-4B99-B65E-63D7D3A1782B}.Release|Any CPU.ActiveCfg = Release|Any CPU
		{893AA38E-76FE-4B99-B65E-63D7D3A1782B}.Release|Any CPU.Build.0 = Release|Any CPU
	EndGlobalSection
	GlobalSection(SolutionProperties) = preSolution
		HideSolutionNode = FALSE
	EndGlobalSection
	GlobalSection(NestedProjects) = preSolution
		{3C885EA3-CC24-4B8F-AD08-EDD67FF7F23A} = {7C0DA136-CAA2-494F-8D56-C26D9C08106E}
		{F8AEE9A3-E1DC-468A-AD8F-2CE087A5B630} = {7C0DA136-CAA2-494F-8D56-C26D9C08106E}
		{6679C65B-FCD4-4133-A584-40E72D3A707A} = {7C0DA136-CAA2-494F-8D56-C26D9C08106E}
		{ACE11745-27E1-42BD-BB3C-1D95FCCE5F96} = {7C0DA136-CAA2-494F-8D56-C26D9C08106E}
		{274DBD49-2989-43D2-95DE-F1406B3EA63F} = {731E21F1-EEEE-49A4-BF31-3797E30A4EB3}
		{8C29A737-0EC7-4B97-9165-5044E2A3FE02} = {731E21F1-EEEE-49A4-BF31-3797E30A4EB3}
		{1D5AC1CB-0800-4B9C-BCF0-43AF090B11D4} = {731E21F1-EEEE-49A4-BF31-3797E30A4EB3}
		{F667CA21-2204-40A6-8415-504DDB801BE4} = {7C0DA136-CAA2-494F-8D56-C26D9C08106E}
		{42BA8E80-9D23-4213-B8E2-33F0351AB483} = {7C0DA136-CAA2-494F-8D56-C26D9C08106E}
		{F1C05423-BA48-43F5-919E-34BF6AE7C71E} = {731E21F1-EEEE-49A4-BF31-3797E30A4EB3}
		{9B369846-2D5B-4BE1-9CC3-5129FD2DC38C} = {731E21F1-EEEE-49A4-BF31-3797E30A4EB3}
		{893AA38E-76FE-4B99-B65E-63D7D3A1782B} = {7C0DA136-CAA2-494F-8D56-C26D9C08106E}
	EndGlobalSection
	GlobalSection(ExtensibilityGlobals) = postSolution
		SolutionGuid = {C71E73C3-7FCD-49AD-A089-CA96355E339D}
	EndGlobalSection
EndGlobal
