
Microsoft Visual Studio Solution File, Format Version 12.00
# Visual Studio 15
VisualStudioVersion = 15.0.28307.757
MinimumVisualStudioVersion = 10.0.40219.1
Project("{2150E333-8FDC-42A3-9474-1A3956D46DE8}") = "src", "src", "{7C0DA136-CAA2-494F-8D56-C26D9C08106E}"
EndProject
Project("{9A19103F-16F7-4668-BE54-9A1E7A4F7556}") = "HeliumParty.RadixDLT.Crypto", "HeliumParty.RadixDLT.Crypto\HeliumParty.RadixDLT.Crypto.csproj", "{186851F4-E1C8-48A3-800F-9954DBAF4376}"
EndProject
Project("{9A19103F-16F7-4668-BE54-9A1E7A4F7556}") = "HeliumParty.RadixDLT.Utils", "HeliumParty.RadixDLT.Utils\HeliumParty.RadixDLT.Utils.csproj", "{70279EB3-3E13-4DE6-977D-E4100E2DC4D7}"
EndProject
Project("{9A19103F-16F7-4668-BE54-9A1E7A4F7556}") = "HeliumParty.RadixDLT.Core", "HeliumParty.RadixDLT.Core\HeliumParty.RadixDLT.Core.csproj", "{F4AF917F-E1B9-4BA2-AC3E-56463F9495C4}"
EndProject
Project("{FAE04EC0-301F-11D3-BF4B-00C04F79EFBC}") = "HeliumParty.RadixDLT.Dson", "HeliumParty.RadixDLT.Dson\HeliumParty.RadixDLT.Dson.csproj", "{23A77595-4111-448C-8755-999B6A10A2F7}"
EndProject
Global
	GlobalSection(SolutionConfigurationPlatforms) = preSolution
		Debug|Any CPU = Debug|Any CPU
		Release|Any CPU = Release|Any CPU
	EndGlobalSection
	GlobalSection(ProjectConfigurationPlatforms) = postSolution
		{186851F4-E1C8-48A3-800F-9954DBAF4376}.Debug|Any CPU.ActiveCfg = Debug|Any CPU
		{186851F4-E1C8-48A3-800F-9954DBAF4376}.Debug|Any CPU.Build.0 = Debug|Any CPU
		{186851F4-E1C8-48A3-800F-9954DBAF4376}.Release|Any CPU.ActiveCfg = Release|Any CPU
		{186851F4-E1C8-48A3-800F-9954DBAF4376}.Release|Any CPU.Build.0 = Release|Any CPU
		{70279EB3-3E13-4DE6-977D-E4100E2DC4D7}.Debug|Any CPU.ActiveCfg = Debug|Any CPU
		{70279EB3-3E13-4DE6-977D-E4100E2DC4D7}.Debug|Any CPU.Build.0 = Debug|Any CPU
		{70279EB3-3E13-4DE6-977D-E4100E2DC4D7}.Release|Any CPU.ActiveCfg = Release|Any CPU
		{70279EB3-3E13-4DE6-977D-E4100E2DC4D7}.Release|Any CPU.Build.0 = Release|Any CPU
		{F4AF917F-E1B9-4BA2-AC3E-56463F9495C4}.Debug|Any CPU.ActiveCfg = Debug|Any CPU
		{F4AF917F-E1B9-4BA2-AC3E-56463F9495C4}.Debug|Any CPU.Build.0 = Debug|Any CPU
		{F4AF917F-E1B9-4BA2-AC3E-56463F9495C4}.Release|Any CPU.ActiveCfg = Release|Any CPU
		{F4AF917F-E1B9-4BA2-AC3E-56463F9495C4}.Release|Any CPU.Build.0 = Release|Any CPU
		{23A77595-4111-448C-8755-999B6A10A2F7}.Debug|Any CPU.ActiveCfg = Debug|Any CPU
		{23A77595-4111-448C-8755-999B6A10A2F7}.Debug|Any CPU.Build.0 = Debug|Any CPU
		{23A77595-4111-448C-8755-999B6A10A2F7}.Release|Any CPU.ActiveCfg = Release|Any CPU
		{23A77595-4111-448C-8755-999B6A10A2F7}.Release|Any CPU.Build.0 = Release|Any CPU
	EndGlobalSection
	GlobalSection(SolutionProperties) = preSolution
		HideSolutionNode = FALSE
	EndGlobalSection
	GlobalSection(NestedProjects) = preSolution
		{186851F4-E1C8-48A3-800F-9954DBAF4376} = {7C0DA136-CAA2-494F-8D56-C26D9C08106E}
		{70279EB3-3E13-4DE6-977D-E4100E2DC4D7} = {7C0DA136-CAA2-494F-8D56-C26D9C08106E}
		{F4AF917F-E1B9-4BA2-AC3E-56463F9495C4} = {7C0DA136-CAA2-494F-8D56-C26D9C08106E}
		{23A77595-4111-448C-8755-999B6A10A2F7} = {7C0DA136-CAA2-494F-8D56-C26D9C08106E}
	EndGlobalSection
	GlobalSection(ExtensibilityGlobals) = postSolution
		SolutionGuid = {C71E73C3-7FCD-49AD-A089-CA96355E339D}
	EndGlobalSection
EndGlobal
